
Microsoft Visual Studio Solution File, Format Version 12.00
# Visual Studio Version 17
VisualStudioVersion = 17.8.34525.116
MinimumVisualStudioVersion = 10.0.40219.1
Project("{FAE04EC0-301F-11D3-BF4B-00C04F79EFBC}") = "CodeProject", "CodeProject.csproj", "{D2721424-871E-4004-919F-D0B0FCC26388}"
EndProject
Global
	GlobalSection(SolutionConfigurationPlatforms) = preSolution
		Debug|Any CPU = Debug|Any CPU
		Release|Any CPU = Release|Any CPU
	EndGlobalSection
	GlobalSection(ProjectConfigurationPlatforms) = postSolution
		{D2721424-871E-4004-919F-D0B0FCC26388}.Debug|Any CPU.ActiveCfg = Debug|Any CPU
		{D2721424-871E-4004-919F-D0B0FCC26388}.Debug|Any CPU.Build.0 = Debug|Any CPU
		{D2721424-871E-4004-919F-D0B0FCC26388}.Release|Any CPU.ActiveCfg = Release|Any CPU
		{D2721424-871E-4004-919F-D0B0FCC26388}.Release|Any CPU.Build.0 = Release|Any CPU
	EndGlobalSection
	GlobalSection(SolutionProperties) = preSolution
		HideSolutionNode = FALSE
	EndGlobalSection
	GlobalSection(ExtensibilityGlobals) = postSolution
		SolutionGuid = {9F0E41A6-597E-445F-A2F8-DF393D375A30}
	EndGlobalSection
EndGlobal
